// !$*UTF8*$!
{
	archiveVersion = 1;
	classes = {
	};
	objectVersion = 56;
	objects = {

/* Begin PBXBuildFile section */
		65013AE5299B7F86002F258A /* Router.swift in Sources */ = {isa = PBXBuildFile; fileRef = 65013AE4299B7F86002F258A /* Router.swift */; };
		65013AF3299B8009002F258A /* TransitionHandler.swift in Sources */ = {isa = PBXBuildFile; fileRef = 65013AF2299B8009002F258A /* TransitionHandler.swift */; };
		65013AF6299B8023002F258A /* ModuleBuilder.swift in Sources */ = {isa = PBXBuildFile; fileRef = 65013AF5299B8023002F258A /* ModuleBuilder.swift */; };
		65ABDFF329976FE300C4DCC7 /* AppDelegate.swift in Sources */ = {isa = PBXBuildFile; fileRef = 65ABDFF229976FE300C4DCC7 /* AppDelegate.swift */; };
		65ABDFF529976FE300C4DCC7 /* SceneDelegate.swift in Sources */ = {isa = PBXBuildFile; fileRef = 65ABDFF429976FE300C4DCC7 /* SceneDelegate.swift */; };
		65ABDFF729976FE300C4DCC7 /* LoginViewController.swift in Sources */ = {isa = PBXBuildFile; fileRef = 65ABDFF629976FE300C4DCC7 /* LoginViewController.swift */; };
		65ABDFFC29976FE500C4DCC7 /* Assets.xcassets in Resources */ = {isa = PBXBuildFile; fileRef = 65ABDFFB29976FE500C4DCC7 /* Assets.xcassets */; };
		65ABDFFF29976FE500C4DCC7 /* LaunchScreen.storyboard in Resources */ = {isa = PBXBuildFile; fileRef = 65ABDFFD29976FE500C4DCC7 /* LaunchScreen.storyboard */; };
		65ABE00E299773D200C4DCC7 /* UIFont+extensions.swift in Sources */ = {isa = PBXBuildFile; fileRef = 65ABE00D299773D200C4DCC7 /* UIFont+extensions.swift */; };
		65ABE010299773F500C4DCC7 /* UIViewController+extensions.swift in Sources */ = {isa = PBXBuildFile; fileRef = 65ABE00F299773F500C4DCC7 /* UIViewController+extensions.swift */; };
		65ABE0122997742800C4DCC7 /* VerticallyCenteredTextView.swift in Sources */ = {isa = PBXBuildFile; fileRef = 65ABE0112997742800C4DCC7 /* VerticallyCenteredTextView.swift */; };
		65ABE0152997745000C4DCC7 /* Qanelas-Medium.otf in Resources */ = {isa = PBXBuildFile; fileRef = 65ABE0142997745000C4DCC7 /* Qanelas-Medium.otf */; };
		65ABE0172997759900C4DCC7 /* String+extensions.swift in Sources */ = {isa = PBXBuildFile; fileRef = 65ABE0162997759900C4DCC7 /* String+extensions.swift */; };
		65ABE01B2997791000C4DCC7 /* .gitignore in Resources */ = {isa = PBXBuildFile; fileRef = 65ABE01A2997791000C4DCC7 /* .gitignore */; };
		65ABE02229977B2F00C4DCC7 /* Localizable.strings in Resources */ = {isa = PBXBuildFile; fileRef = 65ABE02429977B2F00C4DCC7 /* Localizable.strings */; };
/* End PBXBuildFile section */

/* Begin PBXFileReference section */
		65013AE4299B7F86002F258A /* Router.swift */ = {isa = PBXFileReference; lastKnownFileType = sourcecode.swift; path = Router.swift; sourceTree = "<group>"; };
		65013AF2299B8009002F258A /* TransitionHandler.swift */ = {isa = PBXFileReference; lastKnownFileType = sourcecode.swift; path = TransitionHandler.swift; sourceTree = "<group>"; };
		65013AF5299B8023002F258A /* ModuleBuilder.swift */ = {isa = PBXFileReference; lastKnownFileType = sourcecode.swift; path = ModuleBuilder.swift; sourceTree = "<group>"; };
		65ABDFEF29976FE300C4DCC7 /* MusQuiz.app */ = {isa = PBXFileReference; explicitFileType = wrapper.application; includeInIndex = 0; path = MusQuiz.app; sourceTree = BUILT_PRODUCTS_DIR; };
		65ABDFF229976FE300C4DCC7 /* AppDelegate.swift */ = {isa = PBXFileReference; lastKnownFileType = sourcecode.swift; path = AppDelegate.swift; sourceTree = "<group>"; };
		65ABDFF429976FE300C4DCC7 /* SceneDelegate.swift */ = {isa = PBXFileReference; lastKnownFileType = sourcecode.swift; path = SceneDelegate.swift; sourceTree = "<group>"; };
		65ABDFF629976FE300C4DCC7 /* LoginViewController.swift */ = {isa = PBXFileReference; lastKnownFileType = sourcecode.swift; path = LoginViewController.swift; sourceTree = "<group>"; };
		65ABDFFB29976FE500C4DCC7 /* Assets.xcassets */ = {isa = PBXFileReference; lastKnownFileType = folder.assetcatalog; path = Assets.xcassets; sourceTree = "<group>"; };
		65ABDFFE29976FE500C4DCC7 /* Base */ = {isa = PBXFileReference; lastKnownFileType = file.storyboard; name = Base; path = Base.lproj/LaunchScreen.storyboard; sourceTree = "<group>"; };
		65ABE00029976FE500C4DCC7 /* Info.plist */ = {isa = PBXFileReference; lastKnownFileType = text.plist.xml; path = Info.plist; sourceTree = "<group>"; };
		65ABE00D299773D200C4DCC7 /* UIFont+extensions.swift */ = {isa = PBXFileReference; lastKnownFileType = sourcecode.swift; path = "UIFont+extensions.swift"; sourceTree = "<group>"; };
		65ABE00F299773F500C4DCC7 /* UIViewController+extensions.swift */ = {isa = PBXFileReference; lastKnownFileType = sourcecode.swift; path = "UIViewController+extensions.swift"; sourceTree = "<group>"; };
		65ABE0112997742800C4DCC7 /* VerticallyCenteredTextView.swift */ = {isa = PBXFileReference; lastKnownFileType = sourcecode.swift; path = VerticallyCenteredTextView.swift; sourceTree = "<group>"; };
		65ABE0142997745000C4DCC7 /* Qanelas-Medium.otf */ = {isa = PBXFileReference; lastKnownFileType = file; path = "Qanelas-Medium.otf"; sourceTree = "<group>"; };
		65ABE0162997759900C4DCC7 /* String+extensions.swift */ = {isa = PBXFileReference; lastKnownFileType = sourcecode.swift; path = "String+extensions.swift"; sourceTree = "<group>"; };
		65ABE01A2997791000C4DCC7 /* .gitignore */ = {isa = PBXFileReference; fileEncoding = 4; lastKnownFileType = text; path = .gitignore; sourceTree = "<group>"; };
		65ABE01F29977AA200C4DCC7 /* ru */ = {isa = PBXFileReference; lastKnownFileType = text.plist.strings; name = ru; path = ru.lproj/LaunchScreen.strings; sourceTree = "<group>"; };
		65ABE02329977B2F00C4DCC7 /* ru */ = {isa = PBXFileReference; lastKnownFileType = text.plist.strings; name = ru; path = ru.lproj/Localizable.strings; sourceTree = "<group>"; };
/* End PBXFileReference section */

/* Begin PBXFrameworksBuildPhase section */
		65ABDFEC29976FE300C4DCC7 /* Frameworks */ = {
			isa = PBXFrameworksBuildPhase;
			buildActionMask = 2147483647;
			files = (
			);
			runOnlyForDeploymentPostprocessing = 0;
		};
/* End PBXFrameworksBuildPhase section */

/* Begin PBXGroup section */
		65013ADD299B7EC8002F258A /* View */ = {
			isa = PBXGroup;
			children = (
			);
			path = View;
			sourceTree = "<group>";
		};
		65013ADE299B7ED2002F258A /* Interactor */ = {
			isa = PBXGroup;
			children = (
			);
			path = Interactor;
			sourceTree = "<group>";
		};
		65013ADF299B7EDE002F258A /* Presenter */ = {
			isa = PBXGroup;
			children = (
			);
			path = Presenter;
			sourceTree = "<group>";
		};
		65013AE0299B7EF6002F258A /* Entity */ = {
			isa = PBXGroup;
			children = (
			);
			path = Entity;
			sourceTree = "<group>";
		};
		65013AE1299B7F00002F258A /* Router */ = {
			isa = PBXGroup;
			children = (
			);
			path = Router;
			sourceTree = "<group>";
		};
		65013AE2299B7F08002F258A /* ModuleBuilder */ = {
			isa = PBXGroup;
			children = (
			);
			path = ModuleBuilder;
			sourceTree = "<group>";
		};
		65013AE3299B7F25002F258A /* Helpers */ = {
			isa = PBXGroup;
			children = (
				65013AE4299B7F86002F258A /* Router.swift */,
				65013AF2299B8009002F258A /* TransitionHandler.swift */,
				65013AF5299B8023002F258A /* ModuleBuilder.swift */,
			);
			path = Helpers;
			sourceTree = "<group>";
		};
		65013AE6299B7FDD002F258A /* Presenter */ = {
			isa = PBXGroup;
			children = (
			);
			path = Presenter;
			sourceTree = "<group>";
		};
		65013AE7299B7FDD002F258A /* Interactor */ = {
			isa = PBXGroup;
			children = (
			);
			path = Interactor;
			sourceTree = "<group>";
		};
		65013AE8299B7FDD002F258A /* ModuleBuilder */ = {
			isa = PBXGroup;
			children = (
			);
			path = ModuleBuilder;
			sourceTree = "<group>";
		};
		65013AE9299B7FDD002F258A /* Entity */ = {
			isa = PBXGroup;
			children = (
			);
			path = Entity;
			sourceTree = "<group>";
		};
		65013AEA299B7FDD002F258A /* Router */ = {
			isa = PBXGroup;
			children = (
			);
			path = Router;
			sourceTree = "<group>";
		};
		65013AEB299B7FDD002F258A /* View */ = {
			isa = PBXGroup;
			children = (
			);
			path = View;
			sourceTree = "<group>";
		};
		65013AEC299B7FE3002F258A /* ModuleBuilder */ = {
			isa = PBXGroup;
			children = (
			);
			path = ModuleBuilder;
			sourceTree = "<group>";
		};
		65013AED299B7FE3002F258A /* Entity */ = {
			isa = PBXGroup;
			children = (
			);
			path = Entity;
			sourceTree = "<group>";
		};
		65013AEE299B7FE3002F258A /* Presenter */ = {
			isa = PBXGroup;
			children = (
			);
			path = Presenter;
			sourceTree = "<group>";
		};
		65013AEF299B7FE3002F258A /* View */ = {
			isa = PBXGroup;
			children = (
				65ABDFF629976FE300C4DCC7 /* LoginViewController.swift */,
			);
			path = View;
			sourceTree = "<group>";
		};
		65013AF0299B7FE3002F258A /* Router */ = {
			isa = PBXGroup;
			children = (
			);
			path = Router;
			sourceTree = "<group>";
		};
		65013AF1299B7FE3002F258A /* Interactor */ = {
			isa = PBXGroup;
			children = (
			);
			path = Interactor;
			sourceTree = "<group>";
		};
		65ABDFE629976FE300C4DCC7 = {
			isa = PBXGroup;
			children = (
				65ABDFF129976FE300C4DCC7 /* MusQuiz */,
				65ABDFF029976FE300C4DCC7 /* Products */,
			);
			sourceTree = "<group>";
		};
		65ABDFF029976FE300C4DCC7 /* Products */ = {
			isa = PBXGroup;
			children = (
				65ABDFEF29976FE300C4DCC7 /* MusQuiz.app */,
			);
			name = Products;
			sourceTree = "<group>";
		};
		65ABDFF129976FE300C4DCC7 /* MusQuiz */ = {
			isa = PBXGroup;
			children = (
				65013AE3299B7F25002F258A /* Helpers */,
				65ABE006299771BC00C4DCC7 /* Application */,
				65ABE0082997730F00C4DCC7 /* Extensions */,
				65ABE01C2997793500C4DCC7 /* LoginModule */,
				65ABE01E2997797500C4DCC7 /* MenuModule */,
				65ABE01D2997794F00C4DCC7 /* QuizModule */,
				65ABE007299771D100C4DCC7 /* Resources */,
			);
			path = MusQuiz;
			sourceTree = "<group>";
		};
		65ABE006299771BC00C4DCC7 /* Application */ = {
			isa = PBXGroup;
			children = (
				65ABDFF229976FE300C4DCC7 /* AppDelegate.swift */,
				65ABDFF429976FE300C4DCC7 /* SceneDelegate.swift */,
			);
			path = Application;
			sourceTree = "<group>";
		};
		65ABE007299771D100C4DCC7 /* Resources */ = {
			isa = PBXGroup;
			children = (
				65ABE0132997745000C4DCC7 /* Fonts */,
				65ABDFFB29976FE500C4DCC7 /* Assets.xcassets */,
				65ABDFFD29976FE500C4DCC7 /* LaunchScreen.storyboard */,
				65ABE00029976FE500C4DCC7 /* Info.plist */,
				65ABE01A2997791000C4DCC7 /* .gitignore */,
				65ABE02429977B2F00C4DCC7 /* Localizable.strings */,
			);
			path = Resources;
			sourceTree = "<group>";
		};
		65ABE0082997730F00C4DCC7 /* Extensions */ = {
			isa = PBXGroup;
			children = (
				65ABE00D299773D200C4DCC7 /* UIFont+extensions.swift */,
				65ABE00F299773F500C4DCC7 /* UIViewController+extensions.swift */,
				65ABE0112997742800C4DCC7 /* VerticallyCenteredTextView.swift */,
				65ABE0162997759900C4DCC7 /* String+extensions.swift */,
			);
			path = Extensions;
			sourceTree = "<group>";
		};
		65ABE0132997745000C4DCC7 /* Fonts */ = {
			isa = PBXGroup;
			children = (
				65ABE0142997745000C4DCC7 /* Qanelas-Medium.otf */,
			);
			path = Fonts;
			sourceTree = "<group>";
		};
		65ABE01C2997793500C4DCC7 /* LoginModule */ = {
			isa = PBXGroup;
			children = (
				65013AEC299B7FE3002F258A /* ModuleBuilder */,
				65013AF0299B7FE3002F258A /* Router */,
				65013AED299B7FE3002F258A /* Entity */,
				65013AEE299B7FE3002F258A /* Presenter */,
				65013AF1299B7FE3002F258A /* Interactor */,
				65013AEF299B7FE3002F258A /* View */,
			);
			path = LoginModule;
			sourceTree = "<group>";
		};
		65ABE01D2997794F00C4DCC7 /* QuizModule */ = {
			isa = PBXGroup;
			children = (
				65013AE2299B7F08002F258A /* ModuleBuilder */,
				65013AE1299B7F00002F258A /* Router */,
				65013AE0299B7EF6002F258A /* Entity */,
				65013ADF299B7EDE002F258A /* Presenter */,
				65013ADE299B7ED2002F258A /* Interactor */,
				65013ADD299B7EC8002F258A /* View */,
			);
			path = QuizModule;
			sourceTree = "<group>";
		};
		65ABE01E2997797500C4DCC7 /* MenuModule */ = {
			isa = PBXGroup;
			children = (
				65013AE8299B7FDD002F258A /* ModuleBuilder */,
				65013AEA299B7FDD002F258A /* Router */,
				65013AE9299B7FDD002F258A /* Entity */,
				65013AE6299B7FDD002F258A /* Presenter */,
				65013AE7299B7FDD002F258A /* Interactor */,
				65013AEB299B7FDD002F258A /* View */,
			);
			path = MenuModule;
			sourceTree = "<group>";
		};
/* End PBXGroup section */

/* Begin PBXNativeTarget section */
		65ABDFEE29976FE300C4DCC7 /* MusQuiz */ = {
			isa = PBXNativeTarget;
			buildConfigurationList = 65ABE00329976FE500C4DCC7 /* Build configuration list for PBXNativeTarget "MusQuiz" */;
			buildPhases = (
				65ABDFEB29976FE300C4DCC7 /* Sources */,
				65ABDFEC29976FE300C4DCC7 /* Frameworks */,
				65ABDFED29976FE300C4DCC7 /* Resources */,
			);
			buildRules = (
			);
			dependencies = (
			);
			name = MusQuiz;
			productName = MusQuiz;
			productReference = 65ABDFEF29976FE300C4DCC7 /* MusQuiz.app */;
			productType = "com.apple.product-type.application";
		};
/* End PBXNativeTarget section */

/* Begin PBXProject section */
		65ABDFE729976FE300C4DCC7 /* Project object */ = {
			isa = PBXProject;
			attributes = {
				BuildIndependentTargetsInParallel = 1;
				LastSwiftUpdateCheck = 1420;
				LastUpgradeCheck = 1420;
				TargetAttributes = {
					65ABDFEE29976FE300C4DCC7 = {
						CreatedOnToolsVersion = 14.2;
					};
				};
			};
			buildConfigurationList = 65ABDFEA29976FE300C4DCC7 /* Build configuration list for PBXProject "MusQuiz" */;
			compatibilityVersion = "Xcode 14.0";
			developmentRegion = en;
			hasScannedForEncodings = 0;
			knownRegions = (
				en,
				Base,
				ru,
			);
			mainGroup = 65ABDFE629976FE300C4DCC7;
			productRefGroup = 65ABDFF029976FE300C4DCC7 /* Products */;
			projectDirPath = "";
			projectRoot = "";
			targets = (
				65ABDFEE29976FE300C4DCC7 /* MusQuiz */,
			);
		};
/* End PBXProject section */

/* Begin PBXResourcesBuildPhase section */
		65ABDFED29976FE300C4DCC7 /* Resources */ = {
			isa = PBXResourcesBuildPhase;
			buildActionMask = 2147483647;
			files = (
				65ABE02229977B2F00C4DCC7 /* Localizable.strings in Resources */,
				65ABE01B2997791000C4DCC7 /* .gitignore in Resources */,
				65ABE0152997745000C4DCC7 /* Qanelas-Medium.otf in Resources */,
				65ABDFFF29976FE500C4DCC7 /* LaunchScreen.storyboard in Resources */,
				65ABDFFC29976FE500C4DCC7 /* Assets.xcassets in Resources */,
			);
			runOnlyForDeploymentPostprocessing = 0;
		};
/* End PBXResourcesBuildPhase section */

/* Begin PBXSourcesBuildPhase section */
		65ABDFEB29976FE300C4DCC7 /* Sources */ = {
			isa = PBXSourcesBuildPhase;
			buildActionMask = 2147483647;
			files = (
				65013AE5299B7F86002F258A /* Router.swift in Sources */,
				65ABE0122997742800C4DCC7 /* VerticallyCenteredTextView.swift in Sources */,
				65ABE0172997759900C4DCC7 /* String+extensions.swift in Sources */,
				65013AF6299B8023002F258A /* ModuleBuilder.swift in Sources */,
				65ABDFF729976FE300C4DCC7 /* LoginViewController.swift in Sources */,
				65ABE010299773F500C4DCC7 /* UIViewController+extensions.swift in Sources */,
				65ABDFF329976FE300C4DCC7 /* AppDelegate.swift in Sources */,
				65ABE00E299773D200C4DCC7 /* UIFont+extensions.swift in Sources */,
				65ABDFF529976FE300C4DCC7 /* SceneDelegate.swift in Sources */,
				65013AF3299B8009002F258A /* TransitionHandler.swift in Sources */,
			);
			runOnlyForDeploymentPostprocessing = 0;
		};
/* End PBXSourcesBuildPhase section */

/* Begin PBXVariantGroup section */
		65ABDFFD29976FE500C4DCC7 /* LaunchScreen.storyboard */ = {
			isa = PBXVariantGroup;
			children = (
				65ABDFFE29976FE500C4DCC7 /* Base */,
				65ABE01F29977AA200C4DCC7 /* ru */,
			);
			name = LaunchScreen.storyboard;
			sourceTree = "<group>";
		};
		65ABE02429977B2F00C4DCC7 /* Localizable.strings */ = {
			isa = PBXVariantGroup;
			children = (
				65ABE02329977B2F00C4DCC7 /* ru */,
			);
			name = Localizable.strings;
			sourceTree = "<group>";
		};
/* End PBXVariantGroup section */

/* Begin XCBuildConfiguration section */
		65ABE00129976FE500C4DCC7 /* Debug */ = {
			isa = XCBuildConfiguration;
			buildSettings = {
				ALWAYS_SEARCH_USER_PATHS = NO;
				CLANG_ANALYZER_LOCALIZABILITY_NONLOCALIZED = YES;
				CLANG_ANALYZER_NONNULL = YES;
				CLANG_ANALYZER_NUMBER_OBJECT_CONVERSION = YES_AGGRESSIVE;
				CLANG_CXX_LANGUAGE_STANDARD = "gnu++20";
				CLANG_ENABLE_MODULES = YES;
				CLANG_ENABLE_OBJC_ARC = YES;
				CLANG_ENABLE_OBJC_WEAK = YES;
				CLANG_WARN_BLOCK_CAPTURE_AUTORELEASING = YES;
				CLANG_WARN_BOOL_CONVERSION = YES;
				CLANG_WARN_COMMA = YES;
				CLANG_WARN_CONSTANT_CONVERSION = YES;
				CLANG_WARN_DEPRECATED_OBJC_IMPLEMENTATIONS = YES;
				CLANG_WARN_DIRECT_OBJC_ISA_USAGE = YES_ERROR;
				CLANG_WARN_DOCUMENTATION_COMMENTS = YES;
				CLANG_WARN_EMPTY_BODY = YES;
				CLANG_WARN_ENUM_CONVERSION = YES;
				CLANG_WARN_INFINITE_RECURSION = YES;
				CLANG_WARN_INT_CONVERSION = YES;
				CLANG_WARN_NON_LITERAL_NULL_CONVERSION = YES;
				CLANG_WARN_OBJC_IMPLICIT_RETAIN_SELF = YES;
				CLANG_WARN_OBJC_LITERAL_CONVERSION = YES;
				CLANG_WARN_OBJC_ROOT_CLASS = YES_ERROR;
				CLANG_WARN_QUOTED_INCLUDE_IN_FRAMEWORK_HEADER = YES;
				CLANG_WARN_RANGE_LOOP_ANALYSIS = YES;
				CLANG_WARN_STRICT_PROTOTYPES = YES;
				CLANG_WARN_SUSPICIOUS_MOVE = YES;
				CLANG_WARN_UNGUARDED_AVAILABILITY = YES_AGGRESSIVE;
				CLANG_WARN_UNREACHABLE_CODE = YES;
				CLANG_WARN__DUPLICATE_METHOD_MATCH = YES;
				COPY_PHASE_STRIP = NO;
				DEBUG_INFORMATION_FORMAT = dwarf;
				ENABLE_STRICT_OBJC_MSGSEND = YES;
				ENABLE_TESTABILITY = YES;
				GCC_C_LANGUAGE_STANDARD = gnu11;
				GCC_DYNAMIC_NO_PIC = NO;
				GCC_NO_COMMON_BLOCKS = YES;
				GCC_OPTIMIZATION_LEVEL = 0;
				GCC_PREPROCESSOR_DEFINITIONS = (
					"DEBUG=1",
					"$(inherited)",
				);
				GCC_WARN_64_TO_32_BIT_CONVERSION = YES;
				GCC_WARN_ABOUT_RETURN_TYPE = YES_ERROR;
				GCC_WARN_UNDECLARED_SELECTOR = YES;
				GCC_WARN_UNINITIALIZED_AUTOS = YES_AGGRESSIVE;
				GCC_WARN_UNUSED_FUNCTION = YES;
				GCC_WARN_UNUSED_VARIABLE = YES;
				IPHONEOS_DEPLOYMENT_TARGET = 13.0;
				MTL_ENABLE_DEBUG_INFO = INCLUDE_SOURCE;
				MTL_FAST_MATH = YES;
				ONLY_ACTIVE_ARCH = YES;
				SDKROOT = iphoneos;
				SWIFT_ACTIVE_COMPILATION_CONDITIONS = DEBUG;
				SWIFT_OPTIMIZATION_LEVEL = "-Onone";
			};
			name = Debug;
		};
		65ABE00229976FE500C4DCC7 /* Release */ = {
			isa = XCBuildConfiguration;
			buildSettings = {
				ALWAYS_SEARCH_USER_PATHS = NO;
				CLANG_ANALYZER_LOCALIZABILITY_NONLOCALIZED = YES;
				CLANG_ANALYZER_NONNULL = YES;
				CLANG_ANALYZER_NUMBER_OBJECT_CONVERSION = YES_AGGRESSIVE;
				CLANG_CXX_LANGUAGE_STANDARD = "gnu++20";
				CLANG_ENABLE_MODULES = YES;
				CLANG_ENABLE_OBJC_ARC = YES;
				CLANG_ENABLE_OBJC_WEAK = YES;
				CLANG_WARN_BLOCK_CAPTURE_AUTORELEASING = YES;
				CLANG_WARN_BOOL_CONVERSION = YES;
				CLANG_WARN_COMMA = YES;
				CLANG_WARN_CONSTANT_CONVERSION = YES;
				CLANG_WARN_DEPRECATED_OBJC_IMPLEMENTATIONS = YES;
				CLANG_WARN_DIRECT_OBJC_ISA_USAGE = YES_ERROR;
				CLANG_WARN_DOCUMENTATION_COMMENTS = YES;
				CLANG_WARN_EMPTY_BODY = YES;
				CLANG_WARN_ENUM_CONVERSION = YES;
				CLANG_WARN_INFINITE_RECURSION = YES;
				CLANG_WARN_INT_CONVERSION = YES;
				CLANG_WARN_NON_LITERAL_NULL_CONVERSION = YES;
				CLANG_WARN_OBJC_IMPLICIT_RETAIN_SELF = YES;
				CLANG_WARN_OBJC_LITERAL_CONVERSION = YES;
				CLANG_WARN_OBJC_ROOT_CLASS = YES_ERROR;
				CLANG_WARN_QUOTED_INCLUDE_IN_FRAMEWORK_HEADER = YES;
				CLANG_WARN_RANGE_LOOP_ANALYSIS = YES;
				CLANG_WARN_STRICT_PROTOTYPES = YES;
				CLANG_WARN_SUSPICIOUS_MOVE = YES;
				CLANG_WARN_UNGUARDED_AVAILABILITY = YES_AGGRESSIVE;
				CLANG_WARN_UNREACHABLE_CODE = YES;
				CLANG_WARN__DUPLICATE_METHOD_MATCH = YES;
				COPY_PHASE_STRIP = NO;
				DEBUG_INFORMATION_FORMAT = "dwarf-with-dsym";
				ENABLE_NS_ASSERTIONS = NO;
				ENABLE_STRICT_OBJC_MSGSEND = YES;
				GCC_C_LANGUAGE_STANDARD = gnu11;
				GCC_NO_COMMON_BLOCKS = YES;
				GCC_WARN_64_TO_32_BIT_CONVERSION = YES;
				GCC_WARN_ABOUT_RETURN_TYPE = YES_ERROR;
				GCC_WARN_UNDECLARED_SELECTOR = YES;
				GCC_WARN_UNINITIALIZED_AUTOS = YES_AGGRESSIVE;
				GCC_WARN_UNUSED_FUNCTION = YES;
				GCC_WARN_UNUSED_VARIABLE = YES;
				IPHONEOS_DEPLOYMENT_TARGET = 13.0;
				MTL_ENABLE_DEBUG_INFO = NO;
				MTL_FAST_MATH = YES;
				SDKROOT = iphoneos;
				SWIFT_COMPILATION_MODE = wholemodule;
				SWIFT_OPTIMIZATION_LEVEL = "-O";
				VALIDATE_PRODUCT = YES;
			};
			name = Release;
		};
		65ABE00429976FE500C4DCC7 /* Debug */ = {
			isa = XCBuildConfiguration;
			buildSettings = {
				ASSETCATALOG_COMPILER_APPICON_NAME = AppIcon;
				ASSETCATALOG_COMPILER_GLOBAL_ACCENT_COLOR_NAME = AccentColor;
				CODE_SIGN_STYLE = Automatic;
				CURRENT_PROJECT_VERSION = 1;
				DEVELOPMENT_TEAM = U5F242W6NH;
				GENERATE_INFOPLIST_FILE = YES;
				INFOPLIST_FILE = MusQuiz/Resources/Info.plist;
				INFOPLIST_KEY_LSApplicationCategoryType = "public.app-category.educational-games";
				INFOPLIST_KEY_UIApplicationSupportsIndirectInputEvents = YES;
				INFOPLIST_KEY_UILaunchStoryboardName = LaunchScreen;
				INFOPLIST_KEY_UISupportedInterfaceOrientations = UIInterfaceOrientationPortrait;
				INFOPLIST_KEY_UISupportedInterfaceOrientations_iPad = "UIInterfaceOrientationLandscapeLeft UIInterfaceOrientationLandscapeRight UIInterfaceOrientationPortrait UIInterfaceOrientationPortraitUpsideDown";
				IPHONEOS_DEPLOYMENT_TARGET = 13.0;
				LD_RUNPATH_SEARCH_PATHS = (
					"$(inherited)",
					"@executable_path/Frameworks",
				);
				MARKETING_VERSION = 1.0;
				PRODUCT_BUNDLE_IDENTIFIER = com.gracheff.MusQuiz;
				PRODUCT_NAME = "$(TARGET_NAME)";
				SWIFT_EMIT_LOC_STRINGS = YES;
				SWIFT_VERSION = 5.0;
				TARGETED_DEVICE_FAMILY = "1,2";
			};
			name = Debug;
		};
		65ABE00529976FE500C4DCC7 /* Release */ = {
			isa = XCBuildConfiguration;
			buildSettings = {
				ASSETCATALOG_COMPILER_APPICON_NAME = AppIcon;
				ASSETCATALOG_COMPILER_GLOBAL_ACCENT_COLOR_NAME = AccentColor;
				CODE_SIGN_STYLE = Automatic;
				CURRENT_PROJECT_VERSION = 1;
				DEVELOPMENT_TEAM = U5F242W6NH;
				GENERATE_INFOPLIST_FILE = YES;
				INFOPLIST_FILE = MusQuiz/Resources/Info.plist;
				INFOPLIST_KEY_LSApplicationCategoryType = "public.app-category.educational-games";
				INFOPLIST_KEY_UIApplicationSupportsIndirectInputEvents = YES;
				INFOPLIST_KEY_UILaunchStoryboardName = LaunchScreen;
				INFOPLIST_KEY_UISupportedInterfaceOrientations = UIInterfaceOrientationPortrait;
				INFOPLIST_KEY_UISupportedInterfaceOrientations_iPad = "UIInterfaceOrientationLandscapeLeft UIInterfaceOrientationLandscapeRight UIInterfaceOrientationPortrait UIInterfaceOrientationPortraitUpsideDown";
				IPHONEOS_DEPLOYMENT_TARGET = 13.0;
				LD_RUNPATH_SEARCH_PATHS = (
					"$(inherited)",
					"@executable_path/Frameworks",
				);
				MARKETING_VERSION = 1.0;
				PRODUCT_BUNDLE_IDENTIFIER = com.gracheff.MusQuiz;
				PRODUCT_NAME = "$(TARGET_NAME)";
				SWIFT_EMIT_LOC_STRINGS = YES;
				SWIFT_VERSION = 5.0;
				TARGETED_DEVICE_FAMILY = "1,2";
			};
			name = Release;
		};
/* End XCBuildConfiguration section */

/* Begin XCConfigurationList section */
		65ABDFEA29976FE300C4DCC7 /* Build configuration list for PBXProject "MusQuiz" */ = {
			isa = XCConfigurationList;
			buildConfigurations = (
				65ABE00129976FE500C4DCC7 /* Debug */,
				65ABE00229976FE500C4DCC7 /* Release */,
			);
			defaultConfigurationIsVisible = 0;
			defaultConfigurationName = Release;
		};
		65ABE00329976FE500C4DCC7 /* Build configuration list for PBXNativeTarget "MusQuiz" */ = {
			isa = XCConfigurationList;
			buildConfigurations = (
				65ABE00429976FE500C4DCC7 /* Debug */,
				65ABE00529976FE500C4DCC7 /* Release */,
			);
			defaultConfigurationIsVisible = 0;
			defaultConfigurationName = Release;
		};
/* End XCConfigurationList section */
	};
	rootObject = 65ABDFE729976FE300C4DCC7 /* Project object */;
}
